
Microsoft Visual Studio Solution File, Format Version 12.00
# Visual Studio Version 17
VisualStudioVersion = 17.0.32126.317
MinimumVisualStudioVersion = 10.0.40219.1
Project("{9A19103F-16F7-4668-BE54-9A1E7A4F7556}") = "Account.WebAPI", "Account.WebAPI\Account.WebAPI.csproj", "{024C0E0C-2762-4D2F-A5E9-11BEBAB2E6AD}"
EndProject
Project("{9A19103F-16F7-4668-BE54-9A1E7A4F7556}") = "Account.Data", "Account.Data\Account.Data.csproj", "{9CF47EA3-7C9C-44A6-97CE-831010618866}"
EndProject
Project("{2150E333-8FDC-42A3-9474-1A3956D46DE8}") = "Account", "Account", "{3125804C-352A-4ACE-A1DA-FE89945BAD23}"
EndProject
Project("{9A19103F-16F7-4668-BE54-9A1E7A4F7556}") = "Account.Service", "Account.Service\Account.Service.csproj", "{C8B532D3-8BDA-4B7B-B98F-1DEB15179BD6}"
EndProject
Project("{2150E333-8FDC-42A3-9474-1A3956D46DE8}") = "Transaction", "Transaction", "{42269ABE-A652-4960-8549-3AC6B943A770}"
EndProject
Project("{9A19103F-16F7-4668-BE54-9A1E7A4F7556}") = "Transaction.WebAPI", "Transaction.WebAPI\Transaction.WebAPI.csproj", "{83EBECAC-C4DA-4494-B430-3B0AFB9754AB}"
EndProject
Project("{9A19103F-16F7-4668-BE54-9A1E7A4F7556}") = "Transaction.Data", "Transaction.Data\Transaction.Data.csproj", "{69FF9C17-0E94-41A7-9D91-B3B70DA6F446}"
EndProject
Project("{9A19103F-16F7-4668-BE54-9A1E7A4F7556}") = "Transaction.Service", "Transaction.Service\Transaction.Service.csproj", "{3D625509-52E2-41D9-893B-845815464F71}"
EndProject
Project("{9A19103F-16F7-4668-BE54-9A1E7A4F7556}") = "Transaction.Messages", "Transaction.Messages\Transaction.Messages.csproj", "{0A79CE9D-A3A2-40FE-9837-1874FDB7D8C5}"
EndProject
Project("{9A19103F-16F7-4668-BE54-9A1E7A4F7556}") = "Account.Messages", "Account.Messages\Account.Messages.csproj", "{ACBD9EE2-A326-465F-8D6C-4508C4EBA680}"
EndProject
Project("{FAE04EC0-301F-11D3-BF4B-00C04F79EFBC}") = "Transaction.Tests", "Transaction.Tests\Transaction.Tests.csproj", "{0D0830EE-DC34-476E-B6E2-04C0C0A6D95E}"
EndProject
Project("{FAE04EC0-301F-11D3-BF4B-00C04F79EFBC}") = "Account.Tests", "Account.Tests\Account.Tests.csproj", "{317C2B6E-12DC-49B5-B380-D78C5F54F993}"
EndProject
Global
	GlobalSection(SolutionConfigurationPlatforms) = preSolution
		Debug|Any CPU = Debug|Any CPU
		Release|Any CPU = Release|Any CPU
	EndGlobalSection
	GlobalSection(ProjectConfigurationPlatforms) = postSolution
		{024C0E0C-2762-4D2F-A5E9-11BEBAB2E6AD}.Debug|Any CPU.ActiveCfg = Debug|Any CPU
		{024C0E0C-2762-4D2F-A5E9-11BEBAB2E6AD}.Debug|Any CPU.Build.0 = Debug|Any CPU
		{024C0E0C-2762-4D2F-A5E9-11BEBAB2E6AD}.Release|Any CPU.ActiveCfg = Release|Any CPU
		{024C0E0C-2762-4D2F-A5E9-11BEBAB2E6AD}.Release|Any CPU.Build.0 = Release|Any CPU
		{9CF47EA3-7C9C-44A6-97CE-831010618866}.Debug|Any CPU.ActiveCfg = Debug|Any CPU
		{9CF47EA3-7C9C-44A6-97CE-831010618866}.Debug|Any CPU.Build.0 = Debug|Any CPU
		{9CF47EA3-7C9C-44A6-97CE-831010618866}.Release|Any CPU.ActiveCfg = Release|Any CPU
		{9CF47EA3-7C9C-44A6-97CE-831010618866}.Release|Any CPU.Build.0 = Release|Any CPU
		{C8B532D3-8BDA-4B7B-B98F-1DEB15179BD6}.Debug|Any CPU.ActiveCfg = Debug|Any CPU
		{C8B532D3-8BDA-4B7B-B98F-1DEB15179BD6}.Debug|Any CPU.Build.0 = Debug|Any CPU
		{C8B532D3-8BDA-4B7B-B98F-1DEB15179BD6}.Release|Any CPU.ActiveCfg = Release|Any CPU
		{C8B532D3-8BDA-4B7B-B98F-1DEB15179BD6}.Release|Any CPU.Build.0 = Release|Any CPU
		{83EBECAC-C4DA-4494-B430-3B0AFB9754AB}.Debug|Any CPU.ActiveCfg = Debug|Any CPU
		{83EBECAC-C4DA-4494-B430-3B0AFB9754AB}.Debug|Any CPU.Build.0 = Debug|Any CPU
		{83EBECAC-C4DA-4494-B430-3B0AFB9754AB}.Release|Any CPU.ActiveCfg = Release|Any CPU
		{83EBECAC-C4DA-4494-B430-3B0AFB9754AB}.Release|Any CPU.Build.0 = Release|Any CPU
		{69FF9C17-0E94-41A7-9D91-B3B70DA6F446}.Debug|Any CPU.ActiveCfg = Debug|Any CPU
		{69FF9C17-0E94-41A7-9D91-B3B70DA6F446}.Debug|Any CPU.Build.0 = Debug|Any CPU
		{69FF9C17-0E94-41A7-9D91-B3B70DA6F446}.Release|Any CPU.ActiveCfg = Release|Any CPU
		{69FF9C17-0E94-41A7-9D91-B3B70DA6F446}.Release|Any CPU.Build.0 = Release|Any CPU
		{3D625509-52E2-41D9-893B-845815464F71}.Debug|Any CPU.ActiveCfg = Debug|Any CPU
		{3D625509-52E2-41D9-893B-845815464F71}.Debug|Any CPU.Build.0 = Debug|Any CPU
		{3D625509-52E2-41D9-893B-845815464F71}.Release|Any CPU.ActiveCfg = Release|Any CPU
		{3D625509-52E2-41D9-893B-845815464F71}.Release|Any CPU.Build.0 = Release|Any CPU
		{0A79CE9D-A3A2-40FE-9837-1874FDB7D8C5}.Debug|Any CPU.ActiveCfg = Debug|Any CPU
		{0A79CE9D-A3A2-40FE-9837-1874FDB7D8C5}.Debug|Any CPU.Build.0 = Debug|Any CPU
		{0A79CE9D-A3A2-40FE-9837-1874FDB7D8C5}.Release|Any CPU.ActiveCfg = Release|Any CPU
		{0A79CE9D-A3A2-40FE-9837-1874FDB7D8C5}.Release|Any CPU.Build.0 = Release|Any CPU
		{ACBD9EE2-A326-465F-8D6C-4508C4EBA680}.Debug|Any CPU.ActiveCfg = Debug|Any CPU
		{ACBD9EE2-A326-465F-8D6C-4508C4EBA680}.Debug|Any CPU.Build.0 = Debug|Any CPU
		{ACBD9EE2-A326-465F-8D6C-4508C4EBA680}.Release|Any CPU.ActiveCfg = Release|Any CPU
		{ACBD9EE2-A326-465F-8D6C-4508C4EBA680}.Release|Any CPU.Build.0 = Release|Any CPU
		{0D0830EE-DC34-476E-B6E2-04C0C0A6D95E}.Debug|Any CPU.ActiveCfg = Debug|Any CPU
		{0D0830EE-DC34-476E-B6E2-04C0C0A6D95E}.Debug|Any CPU.Build.0 = Debug|Any CPU
		{0D0830EE-DC34-476E-B6E2-04C0C0A6D95E}.Release|Any CPU.ActiveCfg = Release|Any CPU
		{0D0830EE-DC34-476E-B6E2-04C0C0A6D95E}.Release|Any CPU.Build.0 = Release|Any CPU
		{317C2B6E-12DC-49B5-B380-D78C5F54F993}.Debug|Any CPU.ActiveCfg = Debug|Any CPU
		{317C2B6E-12DC-49B5-B380-D78C5F54F993}.Debug|Any CPU.Build.0 = Debug|Any CPU
		{317C2B6E-12DC-49B5-B380-D78C5F54F993}.Release|Any CPU.ActiveCfg = Release|Any CPU
		{317C2B6E-12DC-49B5-B380-D78C5F54F993}.Release|Any CPU.Build.0 = Release|Any CPU
	EndGlobalSection
	GlobalSection(SolutionProperties) = preSolution
		HideSolutionNode = FALSE
	EndGlobalSection
	GlobalSection(NestedProjects) = preSolution
		{024C0E0C-2762-4D2F-A5E9-11BEBAB2E6AD} = {3125804C-352A-4ACE-A1DA-FE89945BAD23}
		{9CF47EA3-7C9C-44A6-97CE-831010618866} = {3125804C-352A-4ACE-A1DA-FE89945BAD23}
		{C8B532D3-8BDA-4B7B-B98F-1DEB15179BD6} = {3125804C-352A-4ACE-A1DA-FE89945BAD23}
		{83EBECAC-C4DA-4494-B430-3B0AFB9754AB} = {42269ABE-A652-4960-8549-3AC6B943A770}
		{69FF9C17-0E94-41A7-9D91-B3B70DA6F446} = {42269ABE-A652-4960-8549-3AC6B943A770}
		{3D625509-52E2-41D9-893B-845815464F71} = {42269ABE-A652-4960-8549-3AC6B943A770}
		{0A79CE9D-A3A2-40FE-9837-1874FDB7D8C5} = {42269ABE-A652-4960-8549-3AC6B943A770}
		{ACBD9EE2-A326-465F-8D6C-4508C4EBA680} = {3125804C-352A-4ACE-A1DA-FE89945BAD23}
		{0D0830EE-DC34-476E-B6E2-04C0C0A6D95E} = {42269ABE-A652-4960-8549-3AC6B943A770}
		{317C2B6E-12DC-49B5-B380-D78C5F54F993} = {3125804C-352A-4ACE-A1DA-FE89945BAD23}
	EndGlobalSection
	GlobalSection(ExtensibilityGlobals) = postSolution
		SolutionGuid = {FA360F75-B408-4C59-85B3-70956FB41650}
	EndGlobalSection
EndGlobal
